schema: '2.0'
stages:
  data_ingestion:
    cmd: python src/cnnClassifier/pipeline/stage_01_data_ingestion.py
    deps:
    - path: config/config.yaml
      hash: md5
      md5: b782db3c3a934df9dfa7de4c60e2c6ca
      size: 778
    - path: src/cnnClassifier/pipeline/stage_01_data_ingestion.py
      hash: md5
      md5: 9b909683a26314a2f00590f4914c21f7
      size: 888
    outs:
    - path: artifacts/data_ingestion/Chicken-fecal-images
      hash: md5
      md5: 9e1f8dd2eae3c29e9d635df89d438ae4.dir
      size: 12207807
      nfiles: 390
  prepare_base_model:
    cmd: python src/cnnClassifier/pipeline/stage_02_prepare_base_model.py
    deps:
    - path: config/config.yaml
      hash: md5
      md5: b782db3c3a934df9dfa7de4c60e2c6ca
      size: 778
    - path: src/cnnClassifier/pipeline/stage_02_prepare_base_model.py
      hash: md5
      md5: f3f4864ffd0742cf5cdb03d9ee1867a0
      size: 877
    params:
      params.yaml:
        CLASSES: 2
        IMAGE_SIZE:
        - 224
        - 224
        - 3
        INCLUDE_TOP: false
        LEARNING_RATE: 0.01
        WEIGHTS: imagenet
    outs:
    - path: artifacts/prepare_base_model
      hash: md5
      md5: 076206519de1150c7ce3d965b205fe16.dir
      size: 118058104
      nfiles: 2
  training:
    cmd: python src/cnnClassifier/pipeline/stage_03_training.py
    deps:
    - path: artifacts/data_ingestion/Chicken-fecal-images
      hash: md5
      md5: 9e1f8dd2eae3c29e9d635df89d438ae4.dir
      size: 12207807
      nfiles: 390
    - path: artifacts/prepare_base_model
      hash: md5
      md5: 076206519de1150c7ce3d965b205fe16.dir
      size: 118058104
      nfiles: 2
    - path: config/config.yaml
      hash: md5
      md5: b782db3c3a934df9dfa7de4c60e2c6ca
      size: 778
    - path: src/cnnClassifier/components/prepare_callbacks.py
      hash: md5
      md5: 3a5b800bb66eda70696efdf39dce0e6e
      size: 1002
    - path: src/cnnClassifier/pipeline/stage_03_training.py
      hash: md5
      md5: b6603cf6edaab70b6838736d0b92c374
      size: 1115
    params:
      params.yaml:
        AUGMENTATION: true
        BATCH_SIZE: 16
        EPOCHS: 1
        IMAGE_SIZE:
        - 224
        - 224
        - 3
    outs:
    - path: artifacts/training/model.h5
      hash: md5
      md5: 07d0258aedc618476f2abb8abcd71ba7
      size: 59138368
  evaluation:
    cmd: python src/cnnClassifier/pipeline/stage_04_evaluation.py
    deps:
    - path: artifacts/data_ingestion/Chicken-fecal-images
      hash: md5
      md5: 9e1f8dd2eae3c29e9d635df89d438ae4.dir
      size: 12207807
      nfiles: 390
    - path: artifacts/training/model.h5
      hash: md5
      md5: 07d0258aedc618476f2abb8abcd71ba7
      size: 59138368
    - path: config/config.yaml
      hash: md5
      md5: b782db3c3a934df9dfa7de4c60e2c6ca
      size: 778
    - path: src/cnnClassifier/pipeline/stage_04_evaluation.py
      hash: md5
      md5: ee4d2ed138cbfe3cc4bf63dbf9e1f4a3
      size: 818
    params:
      params.yaml:
        BATCH_SIZE: 16
        IMAGE_SIZE:
        - 224
        - 224
        - 3
    outs:
    - path: scores.json
      hash: md5
      md5: c1d5d7b4ddce50a1b0558416fefa1476
      size: 45
